
Microsoft Visual Studio Solution File, Format Version 12.00
# Visual Studio Version 16
VisualStudioVersion = 16.0.31702.278
MinimumVisualStudioVersion = 10.0.40219.1
Project("{FAE04EC0-301F-11D3-BF4B-00C04F79EFBC}") = "StackDataStructure", "StackDataStructure\StackDataStructure.csproj", "{C036EBD9-EDFB-43DA-9678-1A511FBF4713}"
EndProject
Global
	GlobalSection(SolutionConfigurationPlatforms) = preSolution
		Debug|Any CPU = Debug|Any CPU
		Release|Any CPU = Release|Any CPU
	EndGlobalSection
	GlobalSection(ProjectConfigurationPlatforms) = postSolution
		{C036EBD9-EDFB-43DA-9678-1A511FBF4713}.Debug|Any CPU.ActiveCfg = Debug|Any CPU
		{C036EBD9-EDFB-43DA-9678-1A511FBF4713}.Debug|Any CPU.Build.0 = Debug|Any CPU
		{C036EBD9-EDFB-43DA-9678-1A511FBF4713}.Release|Any CPU.ActiveCfg = Release|Any CPU
		{C036EBD9-EDFB-43DA-9678-1A511FBF4713}.Release|Any CPU.Build.0 = Release|Any CPU
	EndGlobalSection
	GlobalSection(SolutionProperties) = preSolution
		HideSolutionNode = FALSE
	EndGlobalSection
	GlobalSection(ExtensibilityGlobals) = postSolution
		SolutionGuid = {10105181-E78A-4FED-9C11-023441C3D8AD}
	EndGlobalSection
EndGlobal
